hash: d2ffc409da53117e23febd8a68017a29a1158bba1859fcdd49ac7892a307cb79
updated: 2018-07-27T21:20:17.285952726+03:00
imports:
- name: github.com/beorn7/perks
  version: 4c0e84591b9aa9e6dcfdf3e020114cd81f89d5f9
  subpackages:
  - quantile
- name: github.com/golang/protobuf
  version: 7cc19b78d562895b13596ddce7aafb59dd789318
  subpackages:
  - proto
- name: github.com/matttproud/golang_protobuf_extensions
  version: c12348ce28de40eed0136aa2b644d0ee0650e56c
  subpackages:
  - pbutil
- name: github.com/pkg/errors
  version: 645ef00459ed84a119197bfb8d8205042c6df63d
- name: github.com/prometheus/client_golang
  version: 967789050ba94deca04a5e84cce8ad472ce313c1
  subpackages:
  - prometheus
  - prometheus/promhttp
- name: github.com/prometheus/client_model
  version: 6f3806018612930941127f2a7c6c453ba2c527d2
  subpackages:
  - go
- name: github.com/prometheus/common
  version: 49fee292b27bfff7f354ee0f64e1bc4850462edf
  subpackages:
  - expfmt
  - internal/bitbucket.org/ww/goautoneg
  - model
- name: github.com/prometheus/procfs
  version: a1dba9ce8baed984a2495b658c82687f8157b98f
  subpackages:
  - xfs
- name: github.com/tomasen/fcgi_client
  version: 2bb3d819fd19569919d3b9ccf746e1bb9938fa8d
- name: go.uber.org/atomic
  version: 1ea20fb1cbb1cc08cbd0d913a96dead89aa18289
- name: go.uber.org/multierr
  version: 3c4937480c32f4c13a875a1829af76c98ca3d40a
- name: go.uber.org/zap
  version: 4d45f9617f7d90f7a663ff21c7a4321dbe78098b
  subpackages:
  - buffer
  - internal/bufferpool
  - internal/color
  - internal/exit
  - zapcore
- name: golang.org/x/net
  version: f5079bd7f6f74e23c4d65efa0f4ce14cbd6a3c0f
  subpackages:
  - context
- name: golang.org/x/sync
  version: 1d60e4601c6fd243af51cc01ddf169918a5407ca
  subpackages:
  - errgroup
testImports: []
